// !$*UTF8*$!
{
	archiveVersion = 1;
	classes = {
	};
	objectVersion = 46;
	objects = {

/* Begin PBXBuildFile section */
		225833331A027F7B008A17DE /* NNA.cpp in Sources */ = {isa = PBXBuildFile; fileRef = 225833321A027F7B008A17DE /* NNA.cpp */; };
		225833371A028843008A17DE /* Kernel.cpp in Sources */ = {isa = PBXBuildFile; fileRef = 225833351A028843008A17DE /* Kernel.cpp */; };
		2263833119FA90AC0041B828 /* SPH.1 in CopyFiles */ = {isa = PBXBuildFile; fileRef = 2263833019FA90AC0041B828 /* SPH.1 */; };
		22ACFAF81A09946A0062F7E1 /* Density.cpp in Sources */ = {isa = PBXBuildFile; fileRef = 22ACFAF61A09946A0062F7E1 /* Density.cpp */; };
		22ACFAFB1A09A2E60062F7E1 /* Timestep.cpp in Sources */ = {isa = PBXBuildFile; fileRef = 22ACFAF91A09A2E60062F7E1 /* Timestep.cpp */; };
		22ACFAFE1A0BABF40062F7E1 /* output.cpp in Sources */ = {isa = PBXBuildFile; fileRef = 22ACFAFC1A0BABF40062F7E1 /* output.cpp */; };
		22BF132419FD7055001A059A /* Par.cpp in Sources */ = {isa = PBXBuildFile; fileRef = 22BF132219FD7055001A059A /* Par.cpp */; };
		22BF132519FDB319001A059A /* main.cpp in Sources */ = {isa = PBXBuildFile; fileRef = 2263832E19FA90AC0041B828 /* main.cpp */; };
		22DCB5701A07BED4000DA7C9 /* Momentum.cpp in Sources */ = {isa = PBXBuildFile; fileRef = 22DCB56E1A07BED4000DA7C9 /* Momentum.cpp */; };
		22DCB5731A07D1B0000DA7C9 /* Initialise.cpp in Sources */ = {isa = PBXBuildFile; fileRef = 22DCB5711A07D1B0000DA7C9 /* Initialise.cpp */; };
/* End PBXBuildFile section */

/* Begin PBXCopyFilesBuildPhase section */
		2263832919FA90AC0041B828 /* CopyFiles */ = {
			isa = PBXCopyFilesBuildPhase;
			buildActionMask = 2147483647;
			dstPath = /usr/share/man/man1/;
			dstSubfolderSpec = 0;
			files = (
				2263833119FA90AC0041B828 /* SPH.1 in CopyFiles */,
			);
			runOnlyForDeploymentPostprocessing = 1;
		};
/* End PBXCopyFilesBuildPhase section */

/* Begin PBXFileReference section */
		225833321A027F7B008A17DE /* NNA.cpp */ = {isa = PBXFileReference; fileEncoding = 4; lastKnownFileType = sourcecode.cpp.cpp; path = NNA.cpp; sourceTree = "<group>"; };
		225833341A02805A008A17DE /* NNA.h */ = {isa = PBXFileReference; lastKnownFileType = sourcecode.c.h; path = NNA.h; sourceTree = "<group>"; };
		225833351A028843008A17DE /* Kernel.cpp */ = {isa = PBXFileReference; fileEncoding = 4; lastKnownFileType = sourcecode.cpp.cpp; path = Kernel.cpp; sourceTree = "<group>"; };
		225833361A028843008A17DE /* Kernel.h */ = {isa = PBXFileReference; fileEncoding = 4; lastKnownFileType = sourcecode.c.h; path = Kernel.h; sourceTree = "<group>"; };
		2263832B19FA90AC0041B828 /* SPH */ = {isa = PBXFileReference; explicitFileType = "compiled.mach-o.executable"; includeInIndex = 0; path = SPH; sourceTree = BUILT_PRODUCTS_DIR; };
		2263832E19FA90AC0041B828 /* main.cpp */ = {isa = PBXFileReference; lastKnownFileType = sourcecode.cpp.cpp; path = main.cpp; sourceTree = "<group>"; };
		2263833019FA90AC0041B828 /* SPH.1 */ = {isa = PBXFileReference; lastKnownFileType = text.man; path = SPH.1; sourceTree = "<group>"; };
		22ACFAF61A09946A0062F7E1 /* Density.cpp */ = {isa = PBXFileReference; fileEncoding = 4; lastKnownFileType = sourcecode.cpp.cpp; path = Density.cpp; sourceTree = "<group>"; };
		22ACFAF71A09946A0062F7E1 /* Density.h */ = {isa = PBXFileReference; fileEncoding = 4; lastKnownFileType = sourcecode.c.h; path = Density.h; sourceTree = "<group>"; };
		22ACFAF91A09A2E60062F7E1 /* Timestep.cpp */ = {isa = PBXFileReference; fileEncoding = 4; lastKnownFileType = sourcecode.cpp.cpp; path = Timestep.cpp; sourceTree = "<group>"; };
		22ACFAFA1A09A2E60062F7E1 /* Timestep.h */ = {isa = PBXFileReference; fileEncoding = 4; lastKnownFileType = sourcecode.c.h; path = Timestep.h; sourceTree = "<group>"; };
		22ACFAFC1A0BABF40062F7E1 /* output.cpp */ = {isa = PBXFileReference; fileEncoding = 4; lastKnownFileType = sourcecode.cpp.cpp; path = output.cpp; sourceTree = "<group>"; };
		22ACFAFD1A0BABF40062F7E1 /* output.h */ = {isa = PBXFileReference; fileEncoding = 4; lastKnownFileType = sourcecode.c.h; path = output.h; sourceTree = "<group>"; };
		22BF132219FD7055001A059A /* Par.cpp */ = {isa = PBXFileReference; fileEncoding = 4; lastKnownFileType = sourcecode.cpp.cpp; path = Par.cpp; sourceTree = "<group>"; };
		22BF132319FD7055001A059A /* Par.h */ = {isa = PBXFileReference; fileEncoding = 4; lastKnownFileType = sourcecode.c.h; path = Par.h; sourceTree = "<group>"; };
		22DCB56E1A07BED4000DA7C9 /* Momentum.cpp */ = {isa = PBXFileReference; fileEncoding = 4; lastKnownFileType = sourcecode.cpp.cpp; path = Momentum.cpp; sourceTree = "<group>"; };
		22DCB56F1A07BED4000DA7C9 /* Momentum.h */ = {isa = PBXFileReference; fileEncoding = 4; lastKnownFileType = sourcecode.c.h; path = Momentum.h; sourceTree = "<group>"; };
		22DCB5711A07D1B0000DA7C9 /* Initialise.cpp */ = {isa = PBXFileReference; fileEncoding = 4; lastKnownFileType = sourcecode.cpp.cpp; path = Initialise.cpp; sourceTree = "<group>"; };
		22DCB5721A07D1B0000DA7C9 /* Initialise.h */ = {isa = PBXFileReference; fileEncoding = 4; lastKnownFileType = sourcecode.c.h; path = Initialise.h; sourceTree = "<group>"; };
		22DCB5751A07DB38000DA7C9 /* MyStructs.h */ = {isa = PBXFileReference; fileEncoding = 4; lastKnownFileType = sourcecode.c.h; path = MyStructs.h; sourceTree = "<group>"; };
/* End PBXFileReference section */

/* Begin PBXFrameworksBuildPhase section */
		2263832819FA90AC0041B828 /* Frameworks */ = {
			isa = PBXFrameworksBuildPhase;
			buildActionMask = 2147483647;
			files = (
			);
			runOnlyForDeploymentPostprocessing = 0;
		};
/* End PBXFrameworksBuildPhase section */

/* Begin PBXGroup section */
		2263832219FA90AC0041B828 = {
			isa = PBXGroup;
			children = (
				2263832D19FA90AC0041B828 /* SPH */,
				2263832C19FA90AC0041B828 /* Products */,
			);
			sourceTree = "<group>";
		};
		2263832C19FA90AC0041B828 /* Products */ = {
			isa = PBXGroup;
			children = (
				2263832B19FA90AC0041B828 /* SPH */,
			);
			name = Products;
			sourceTree = "<group>";
		};
		2263832D19FA90AC0041B828 /* SPH */ = {
			isa = PBXGroup;
			children = (
				2263832E19FA90AC0041B828 /* main.cpp */,
				22ACFAFC1A0BABF40062F7E1 /* output.cpp */,
				22ACFAFD1A0BABF40062F7E1 /* output.h */,
				22DCB5751A07DB38000DA7C9 /* MyStructs.h */,
				22ACFAF91A09A2E60062F7E1 /* Timestep.cpp */,
				22ACFAFA1A09A2E60062F7E1 /* Timestep.h */,
				22ACFAF61A09946A0062F7E1 /* Density.cpp */,
				22ACFAF71A09946A0062F7E1 /* Density.h */,
				22DCB5711A07D1B0000DA7C9 /* Initialise.cpp */,
				22DCB5721A07D1B0000DA7C9 /* Initialise.h */,
				22DCB56E1A07BED4000DA7C9 /* Momentum.cpp */,
				22DCB56F1A07BED4000DA7C9 /* Momentum.h */,
				225833351A028843008A17DE /* Kernel.cpp */,
				225833361A028843008A17DE /* Kernel.h */,
				225833321A027F7B008A17DE /* NNA.cpp */,
				225833341A02805A008A17DE /* NNA.h */,
				2263833019FA90AC0041B828 /* SPH.1 */,
				22BF132219FD7055001A059A /* Par.cpp */,
				22BF132319FD7055001A059A /* Par.h */,
			);
			path = SPH;
			sourceTree = "<group>";
		};
/* End PBXGroup section */

/* Begin PBXNativeTarget section */
		2263832A19FA90AC0041B828 /* SPH */ = {
			isa = PBXNativeTarget;
			buildConfigurationList = 2263833419FA90AC0041B828 /* Build configuration list for PBXNativeTarget "SPH" */;
			buildPhases = (
				2263832719FA90AC0041B828 /* Sources */,
				2263832819FA90AC0041B828 /* Frameworks */,
				2263832919FA90AC0041B828 /* CopyFiles */,
			);
			buildRules = (
			);
			dependencies = (
			);
			name = SPH;
			productName = SPH;
			productReference = 2263832B19FA90AC0041B828 /* SPH */;
			productType = "com.apple.product-type.tool";
		};
/* End PBXNativeTarget section */

/* Begin PBXProject section */
		2263832319FA90AC0041B828 /* Project object */ = {
			isa = PBXProject;
			attributes = {
				LastUpgradeCheck = 0500;
				ORGANIZATIONNAME = "Sam Hunter";
			};
			buildConfigurationList = 2263832619FA90AC0041B828 /* Build configuration list for PBXProject "SPH" */;
			compatibilityVersion = "Xcode 3.2";
			developmentRegion = English;
			hasScannedForEncodings = 0;
			knownRegions = (
				en,
			);
			mainGroup = 2263832219FA90AC0041B828;
			productRefGroup = 2263832C19FA90AC0041B828 /* Products */;
			projectDirPath = "";
			projectRoot = "";
			targets = (
				2263832A19FA90AC0041B828 /* SPH */,
			);
		};
/* End PBXProject section */

/* Begin PBXSourcesBuildPhase section */
		2263832719FA90AC0041B828 /* Sources */ = {
			isa = PBXSourcesBuildPhase;
			buildActionMask = 2147483647;
			files = (
				22ACFAFB1A09A2E60062F7E1 /* Timestep.cpp in Sources */,
				225833371A028843008A17DE /* Kernel.cpp in Sources */,
				22ACFAFE1A0BABF40062F7E1 /* output.cpp in Sources */,
				225833331A027F7B008A17DE /* NNA.cpp in Sources */,
				22BF132519FDB319001A059A /* main.cpp in Sources */,
				22ACFAF81A09946A0062F7E1 /* Density.cpp in Sources */,
				22BF132419FD7055001A059A /* Par.cpp in Sources */,
				22DCB5731A07D1B0000DA7C9 /* Initialise.cpp in Sources */,
				22DCB5701A07BED4000DA7C9 /* Momentum.cpp in Sources */,
			);
			runOnlyForDeploymentPostprocessing = 0;
		};
/* End PBXSourcesBuildPhase section */

/* Begin XCBuildConfiguration section */
		2263833219FA90AC0041B828 /* Debug */ = {
			isa = XCBuildConfiguration;
			buildSettings = {
				ALWAYS_SEARCH_USER_PATHS = NO;
				CLANG_CXX_LANGUAGE_STANDARD = "gnu++0x";
				CLANG_CXX_LIBRARY = "libc++";
				CLANG_ENABLE_OBJC_ARC = YES;
				CLANG_WARN_BOOL_CONVERSION = YES;
				CLANG_WARN_CONSTANT_CONVERSION = YES;
				CLANG_WARN_DIRECT_OBJC_ISA_USAGE = YES_ERROR;
				CLANG_WARN_EMPTY_BODY = YES;
				CLANG_WARN_ENUM_CONVERSION = YES;
				CLANG_WARN_INT_CONVERSION = YES;
				CLANG_WARN_OBJC_ROOT_CLASS = YES_ERROR;
				CLANG_WARN__DUPLICATE_METHOD_MATCH = YES;
				COPY_PHASE_STRIP = NO;
				GCC_C_LANGUAGE_STANDARD = gnu99;
				GCC_DYNAMIC_NO_PIC = NO;
				GCC_ENABLE_OBJC_EXCEPTIONS = YES;
				GCC_OPTIMIZATION_LEVEL = 0;
				GCC_PREPROCESSOR_DEFINITIONS = (
					"DEBUG=1",
					"$(inherited)",
				);
				GCC_SYMBOLS_PRIVATE_EXTERN = NO;
				GCC_WARN_64_TO_32_BIT_CONVERSION = YES;
				GCC_WARN_ABOUT_RETURN_TYPE = YES_ERROR;
				GCC_WARN_UNDECLARED_SELECTOR = YES;
				GCC_WARN_UNINITIALIZED_AUTOS = YES;
				GCC_WARN_UNUSED_FUNCTION = YES;
				GCC_WARN_UNUSED_VARIABLE = YES;
				MACOSX_DEPLOYMENT_TARGET = 10.9;
				ONLY_ACTIVE_ARCH = YES;
				SDKROOT = macosx;
			};
			name = Debug;
		};
		2263833319FA90AC0041B828 /* Release */ = {
			isa = XCBuildConfiguration;
			buildSettings = {
				ALWAYS_SEARCH_USER_PATHS = NO;
				CLANG_CXX_LANGUAGE_STANDARD = "gnu++0x";
				CLANG_CXX_LIBRARY = "libc++";
				CLANG_ENABLE_OBJC_ARC = YES;
				CLANG_WARN_BOOL_CONVERSION = YES;
				CLANG_WARN_CONSTANT_CONVERSION = YES;
				CLANG_WARN_DIRECT_OBJC_ISA_USAGE = YES_ERROR;
				CLANG_WARN_EMPTY_BODY = YES;
				CLANG_WARN_ENUM_CONVERSION = YES;
				CLANG_WARN_INT_CONVERSION = YES;
				CLANG_WARN_OBJC_ROOT_CLASS = YES_ERROR;
				CLANG_WARN__DUPLICATE_METHOD_MATCH = YES;
				COPY_PHASE_STRIP = YES;
				DEBUG_INFORMATION_FORMAT = "dwarf-with-dsym";
				ENABLE_NS_ASSERTIONS = NO;
				GCC_C_LANGUAGE_STANDARD = gnu99;
				GCC_ENABLE_OBJC_EXCEPTIONS = YES;
				GCC_WARN_64_TO_32_BIT_CONVERSION = YES;
				GCC_WARN_ABOUT_RETURN_TYPE = YES_ERROR;
				GCC_WARN_UNDECLARED_SELECTOR = YES;
				GCC_WARN_UNINITIALIZED_AUTOS = YES;
				GCC_WARN_UNUSED_FUNCTION = YES;
				GCC_WARN_UNUSED_VARIABLE = YES;
				MACOSX_DEPLOYMENT_TARGET = 10.9;
				SDKROOT = macosx;
			};
			name = Release;
		};
		2263833519FA90AC0041B828 /* Debug */ = {
			isa = XCBuildConfiguration;
			buildSettings = {
				PRODUCT_NAME = "$(TARGET_NAME)";
			};
			name = Debug;
		};
		2263833619FA90AC0041B828 /* Release */ = {
			isa = XCBuildConfiguration;
			buildSettings = {
				PRODUCT_NAME = "$(TARGET_NAME)";
			};
			name = Release;
		};
/* End XCBuildConfiguration section */

/* Begin XCConfigurationList section */
		2263832619FA90AC0041B828 /* Build configuration list for PBXProject "SPH" */ = {
			isa = XCConfigurationList;
			buildConfigurations = (
				2263833219FA90AC0041B828 /* Debug */,
				2263833319FA90AC0041B828 /* Release */,
			);
			defaultConfigurationIsVisible = 0;
			defaultConfigurationName = Release;
		};
		2263833419FA90AC0041B828 /* Build configuration list for PBXNativeTarget "SPH" */ = {
			isa = XCConfigurationList;
			buildConfigurations = (
				2263833519FA90AC0041B828 /* Debug */,
				2263833619FA90AC0041B828 /* Release */,
			);
			defaultConfigurationIsVisible = 0;
			defaultConfigurationName = Release;
		};
/* End XCConfigurationList section */
	};
	rootObject = 2263832319FA90AC0041B828 /* Project object */;
}
